
Microsoft Visual Studio Solution File, Format Version 12.00
# Visual Studio 15
VisualStudioVersion = 15.0.28307.1500
MinimumVisualStudioVersion = 10.0.40219.1
Project("{F184B08F-C81C-45F6-A57F-5ABD9991F28F}") = "TodoWebForms2", "TodoWebForms2\TodoWebForms2.vbproj", "{C951AE70-2DB5-4829-A993-3A6ED02042B4}"
EndProject
Global
	GlobalSection(SolutionConfigurationPlatforms) = preSolution
		Debug|Any CPU = Debug|Any CPU
		Release|Any CPU = Release|Any CPU
	EndGlobalSection
	GlobalSection(ProjectConfigurationPlatforms) = postSolution
		{C951AE70-2DB5-4829-A993-3A6ED02042B4}.Debug|Any CPU.ActiveCfg = Debug|Any CPU
		{C951AE70-2DB5-4829-A993-3A6ED02042B4}.Debug|Any CPU.Build.0 = Debug|Any CPU
		{C951AE70-2DB5-4829-A993-3A6ED02042B4}.Release|Any CPU.ActiveCfg = Release|Any CPU
		{C951AE70-2DB5-4829-A993-3A6ED02042B4}.Release|Any CPU.Build.0 = Release|Any CPU
	EndGlobalSection
	GlobalSection(SolutionProperties) = preSolution
		HideSolutionNode = FALSE
	EndGlobalSection
	GlobalSection(ExtensibilityGlobals) = postSolution
		SolutionGuid = {50795464-5275-4680-A3CC-A788AF811B0E}
	EndGlobalSection
EndGlobal
